
Microsoft Visual Studio Solution File, Format Version 12.00
# Visual Studio Version 16
VisualStudioVersion = 16.0.29306.81
MinimumVisualStudioVersion = 10.0.40219.1
Project("{FAE04EC0-301F-11D3-BF4B-00C04F79EFBC}") = "Project SorterDLL", "Project SorterDLL\Project SorterDLL.csproj", "{2EA757C7-DE31-4681-A87F-881E86CB5B67}"
EndProject
Global
	GlobalSection(SolutionConfigurationPlatforms) = preSolution
		Debug|Any CPU = Debug|Any CPU
		Release|Any CPU = Release|Any CPU
	EndGlobalSection
	GlobalSection(ProjectConfigurationPlatforms) = postSolution
		{2EA757C7-DE31-4681-A87F-881E86CB5B67}.Debug|Any CPU.ActiveCfg = Debug|Any CPU
		{2EA757C7-DE31-4681-A87F-881E86CB5B67}.Debug|Any CPU.Build.0 = Debug|Any CPU
		{2EA757C7-DE31-4681-A87F-881E86CB5B67}.Release|Any CPU.ActiveCfg = Release|Any CPU
		{2EA757C7-DE31-4681-A87F-881E86CB5B67}.Release|Any CPU.Build.0 = Release|Any CPU
	EndGlobalSection
	GlobalSection(SolutionProperties) = preSolution
		HideSolutionNode = FALSE
	EndGlobalSection
	GlobalSection(ExtensibilityGlobals) = postSolution
		SolutionGuid = {96FF2238-3025-42F9-8402-CF9527E33446}
	EndGlobalSection
EndGlobal
